# THIS IS AN AUTOGENERATED FILE. DO NOT EDIT THIS FILE DIRECTLY.
# yarn lockfile v1


"@arr/every@^1.0.0":
  version "1.0.0"
  resolved "https://registry.yarnpkg.com/@arr/every/-/every-1.0.0.tgz#314f8168f50ae48a032cfdad5fdb436f464a97ac"
  integrity sha1-MU+BaPUK5IoDLP2tX9tDb0ZKl6w=

"@polka/url@^0.5.0":
  version "0.5.0"
  resolved "https://registry.yarnpkg.com/@polka/url/-/url-0.5.0.tgz#b21510597fd601e5d7c95008b76bf0d254ebfd31"
  integrity sha512-oZLYFEAzUKyi3SKnXvj32ZCEGH6RDnao7COuCVhDydMS9NrCSVXhM79VaKyP5+Zc33m0QXEd2DN3UkU7OsHcfw==

cors@^2.8.5:
  version "2.8.5"
  resolved "https://registry.yarnpkg.com/cors/-/cors-2.8.5.tgz#eac11da51592dd86b9f06f6e7ac293b3df875d29"
  integrity sha512-KIHbLJqu73RGr/hnbrO9uBeixNGuvSQjul/jdFvS/KFSIH1hWVd1ng7zOHx+YrEfInLG7q4n6GHQ9cDtxv/P6g==
  dependencies:
    object-assign "^4"
    vary "^1"

dotenv@^8.0.0:
  version "8.0.0"
  resolved "https://registry.yarnpkg.com/dotenv/-/dotenv-8.0.0.tgz#ed310c165b4e8a97bb745b0a9d99c31bda566440"
  integrity sha512-30xVGqjLjiUOArT4+M5q9sYdvuR4riM6yK9wMcas9Vbp6zZa+ocC9dp6QoftuhTPhFAiLK/0C5Ni2nou/Bk8lg==

matchit@^1.0.0:
  version "1.0.8"
  resolved "https://registry.yarnpkg.com/matchit/-/matchit-1.0.8.tgz#9a129e38f79b2053dd75339215b19e1f6bb88efb"
  integrity sha512-CwPPICzozd/ezCzpVwGYG5bMVieaapnA0vvHDQnmQ2u2vZtVLynoPmvFsZjL67hFOvTBhhpqSR0bq3uloDP/Rw==
  dependencies:
    "@arr/every" "^1.0.0"

node-fetch@^2.6.0:
  version "2.6.7"
  resolved "https://registry.yarnpkg.com/node-fetch/-/node-fetch-2.6.7.tgz#24de9fba827e3b4ae44dc8b20256a379160052ad"
  integrity sha512-ZjMPFEfVx5j+y2yF35Kzx5sF7kDzxuDj6ziH4FFbOp87zKDZNx8yExJIb05OGF4Nlt9IHFIMBkRl41VdvcNdbQ==
  dependencies:
    whatwg-url "^5.0.0"

object-assign@^4:
  version "4.1.1"
  resolved "https://registry.yarnpkg.com/object-assign/-/object-assign-4.1.1.tgz#2109adc7965887cfc05cbbd442cac8bfbb360863"
  integrity sha1-IQmtx5ZYh8/AXLvUQsrIv7s2CGM=

polka@^0.5.2:
  version "0.5.2"
  resolved "https://registry.yarnpkg.com/polka/-/polka-0.5.2.tgz#588bee0c5806dbc6c64958de3a1251860e9f2e26"
  integrity sha512-FVg3vDmCqP80tOrs+OeNlgXYmFppTXdjD5E7I4ET1NjvtNmQrb1/mJibybKkb/d4NA7YWAr1ojxuhpL3FHqdlw==
  dependencies:
    "@polka/url" "^0.5.0"
    trouter "^2.0.1"

tr46@~0.0.3:
  version "0.0.3"
  resolved "https://registry.yarnpkg.com/tr46/-/tr46-0.0.3.tgz#8184fd347dac9cdc185992f3a6622e14b9d9ab6a"
  integrity sha512-N3WMsuqV66lT30CrXNbEjx4GEwlow3v6rr4mCcv6prnfwhS01rkgyFdjPNBYd9br7LpXV1+Emh01fHnq2Gdgrw==

trouter@^2.0.1:
  version "2.0.1"
  resolved "https://registry.yarnpkg.com/trouter/-/trouter-2.0.1.tgz#2726a5f8558e090d24c3a393f09eaab1df232df6"
  integrity sha512-kr8SKKw94OI+xTGOkfsvwZQ8mWoikZDd2n8XZHjJVZUARZT+4/VV6cacRS6CLsH9bNm+HFIPU1Zx4CnNnb4qlQ==
  dependencies:
    matchit "^1.0.0"

vary@^1:
  version "1.1.2"
  resolved "https://registry.yarnpkg.com/vary/-/vary-1.1.2.tgz#2299f02c6ded30d4a5961b0b9f74524a18f634fc"
  integrity sha1-IpnwLG3tMNSllhsLn3RSShj2NPw=

webidl-conversions@^3.0.0:
  version "3.0.1"
  resolved "https://registry.yarnpkg.com/webidl-conversions/-/webidl-conversions-3.0.1.tgz#24534275e2a7bc6be7bc86611cc16ae0a5654871"
  integrity sha512-2JAn3z8AR6rjK8Sm8orRC0h/bcl/DqL7tRPdGZ4I1CjdF+EaMLmYxBHyXuKL849eucPFhvBoxMsflfOb8kxaeQ==

whatwg-url@^5.0.0:
  version "5.0.0"
  resolved "https://registry.yarnpkg.com/whatwg-url/-/whatwg-url-5.0.0.tgz#966454e8765462e37644d3626f6742ce8b70965d"
  integrity sha512-saE57nupxk6v3HY35+jzBwYa0rKSy0XR8JSxZPwgLr7ys0IBzhGviA1/TUGJLmSVqs8pb9AnvICXEuOHLprYTw==
  dependencies:
    tr46 "~0.0.3"
    webidl-conversions "^3.0.0"
